
Microsoft Visual Studio Solution File, Format Version 12.00
# Visual Studio Version 17
VisualStudioVersion = 17.10.35013.160
MinimumVisualStudioVersion = 10.0.40219.1
Project("{FAE04EC0-301F-11D3-BF4B-00C04F79EFBC}") = "UserRegistrationApi", "UserRegistrationApi.csproj", "{DAD7DB2B-F2D3-4CC1-AF9F-AEDAC9FB9B1D}"
EndProject
Global
	GlobalSection(SolutionConfigurationPlatforms) = preSolution
		Debug|Any CPU = Debug|Any CPU
		Release|Any CPU = Release|Any CPU
	EndGlobalSection
	GlobalSection(ProjectConfigurationPlatforms) = postSolution
		{DAD7DB2B-F2D3-4CC1-AF9F-AEDAC9FB9B1D}.Debug|Any CPU.ActiveCfg = Debug|Any CPU
		{DAD7DB2B-F2D3-4CC1-AF9F-AEDAC9FB9B1D}.Debug|Any CPU.Build.0 = Debug|Any CPU
		{DAD7DB2B-F2D3-4CC1-AF9F-AEDAC9FB9B1D}.Release|Any CPU.ActiveCfg = Release|Any CPU
		{DAD7DB2B-F2D3-4CC1-AF9F-AEDAC9FB9B1D}.Release|Any CPU.Build.0 = Release|Any CPU
	EndGlobalSection
	GlobalSection(SolutionProperties) = preSolution
		HideSolutionNode = FALSE
	EndGlobalSection
	GlobalSection(ExtensibilityGlobals) = postSolution
		SolutionGuid = {1A94AA91-AE36-4193-BBFD-637D95ED8CFF}
	EndGlobalSection
EndGlobal
